
Microsoft Visual Studio Solution File, Format Version 12.00
# Visual Studio 14
VisualStudioVersion = 14.0.25420.1
MinimumVisualStudioVersion = 10.0.40219.1
Project("{FAE04EC0-301F-11D3-BF4B-00C04F79EFBC}") = "CarLibrary", "CarLibrary\CarLibrary.csproj", "{E7BDF545-C8B3-41FC-A315-A5C11801101D}"
EndProject
Project("{FAE04EC0-301F-11D3-BF4B-00C04F79EFBC}") = "CarUnitTest", "CarUnitTest\CarUnitTest.csproj", "{F97D92E6-CB4F-4617-B164-37A0B24AD701}"
EndProject
Global
	GlobalSection(SolutionConfigurationPlatforms) = preSolution
		Debug|Any CPU = Debug|Any CPU
		Release|Any CPU = Release|Any CPU
	EndGlobalSection
	GlobalSection(ProjectConfigurationPlatforms) = postSolution
		{E7BDF545-C8B3-41FC-A315-A5C11801101D}.Debug|Any CPU.ActiveCfg = Debug|Any CPU
		{E7BDF545-C8B3-41FC-A315-A5C11801101D}.Debug|Any CPU.Build.0 = Debug|Any CPU
		{E7BDF545-C8B3-41FC-A315-A5C11801101D}.Release|Any CPU.ActiveCfg = Release|Any CPU
		{E7BDF545-C8B3-41FC-A315-A5C11801101D}.Release|Any CPU.Build.0 = Release|Any CPU
		{F97D92E6-CB4F-4617-B164-37A0B24AD701}.Debug|Any CPU.ActiveCfg = Debug|Any CPU
		{F97D92E6-CB4F-4617-B164-37A0B24AD701}.Debug|Any CPU.Build.0 = Debug|Any CPU
		{F97D92E6-CB4F-4617-B164-37A0B24AD701}.Release|Any CPU.ActiveCfg = Release|Any CPU
		{F97D92E6-CB4F-4617-B164-37A0B24AD701}.Release|Any CPU.Build.0 = Release|Any CPU
	EndGlobalSection
	GlobalSection(SolutionProperties) = preSolution
		HideSolutionNode = FALSE
	EndGlobalSection
EndGlobal
